// !$*UTF8*$!
{
	archiveVersion = 1;
	classes = {
	};
	objectVersion = 46;
	objects = {

/* Begin PBXBuildFile section */
		BA04ADD21AD48D8000471228 /* AppDelegate.swift in Sources */ = {isa = PBXBuildFile; fileRef = BA04ADD11AD48D8000471228 /* AppDelegate.swift */; };
		BA04ADD91AD48D8000471228 /* Images.xcassets in Resources */ = {isa = PBXBuildFile; fileRef = BA04ADD81AD48D8000471228 /* Images.xcassets */; };
		BA04ADE81AD48D8000471228 /* TodoAppTests.swift in Sources */ = {isa = PBXBuildFile; fileRef = BA04ADE71AD48D8000471228 /* TodoAppTests.swift */; };
		BA28B6B31B02B6DA000525A2 /* TodoDataManager.swift in Sources */ = {isa = PBXBuildFile; fileRef = BA28B6B21B02B6DA000525A2 /* TodoDataManager.swift */; };
		BA38E1D41AD8A98E00A58F79 /* TodoTableViewController.swift in Sources */ = {isa = PBXBuildFile; fileRef = BA38E1D31AD8A98E00A58F79 /* TodoTableViewController.swift */; };
		C003EC331B17E65000D47416 /* TodoTableViewCell.swift in Sources */ = {isa = PBXBuildFile; fileRef = C003EC321B17E65000D47416 /* TodoTableViewCell.swift */; };
/* End PBXBuildFile section */

/* Begin PBXContainerItemProxy section */
		BA04ADE21AD48D8000471228 /* PBXContainerItemProxy */ = {
			isa = PBXContainerItemProxy;
			containerPortal = BA04ADC41AD48D8000471228 /* Project object */;
			proxyType = 1;
			remoteGlobalIDString = BA04ADCB1AD48D8000471228;
			remoteInfo = TodoApp;
		};
/* End PBXContainerItemProxy section */

/* Begin PBXFileReference section */
		BA04ADCC1AD48D8000471228 /* TodoApp.app */ = {isa = PBXFileReference; explicitFileType = wrapper.application; includeInIndex = 0; path = TodoApp.app; sourceTree = BUILT_PRODUCTS_DIR; };
		BA04ADD01AD48D8000471228 /* Info.plist */ = {isa = PBXFileReference; lastKnownFileType = text.plist.xml; path = Info.plist; sourceTree = "<group>"; };
		BA04ADD11AD48D8000471228 /* AppDelegate.swift */ = {isa = PBXFileReference; lastKnownFileType = sourcecode.swift; path = AppDelegate.swift; sourceTree = "<group>"; };
		BA04ADD81AD48D8000471228 /* Images.xcassets */ = {isa = PBXFileReference; lastKnownFileType = folder.assetcatalog; path = Images.xcassets; sourceTree = "<group>"; };
		BA04ADE11AD48D8000471228 /* TodoAppTests.xctest */ = {isa = PBXFileReference; explicitFileType = wrapper.cfbundle; includeInIndex = 0; path = TodoAppTests.xctest; sourceTree = BUILT_PRODUCTS_DIR; };
		BA04ADE61AD48D8000471228 /* Info.plist */ = {isa = PBXFileReference; lastKnownFileType = text.plist.xml; path = Info.plist; sourceTree = "<group>"; };
		BA04ADE71AD48D8000471228 /* TodoAppTests.swift */ = {isa = PBXFileReference; lastKnownFileType = sourcecode.swift; path = TodoAppTests.swift; sourceTree = "<group>"; };
		BA28B6B21B02B6DA000525A2 /* TodoDataManager.swift */ = {isa = PBXFileReference; fileEncoding = 4; lastKnownFileType = sourcecode.swift; path = TodoDataManager.swift; sourceTree = "<group>"; };
		BA38E1D31AD8A98E00A58F79 /* TodoTableViewController.swift */ = {isa = PBXFileReference; fileEncoding = 4; lastKnownFileType = sourcecode.swift; path = TodoTableViewController.swift; sourceTree = "<group>"; };
		C003EC321B17E65000D47416 /* TodoTableViewCell.swift */ = {isa = PBXFileReference; fileEncoding = 4; lastKnownFileType = sourcecode.swift; path = TodoTableViewCell.swift; sourceTree = "<group>"; };
/* End PBXFileReference section */

/* Begin PBXFrameworksBuildPhase section */
		BA04ADC91AD48D8000471228 /* Frameworks */ = {
			isa = PBXFrameworksBuildPhase;
			buildActionMask = 2147483647;
			files = (
			);
			runOnlyForDeploymentPostprocessing = 0;
		};
		BA04ADDE1AD48D8000471228 /* Frameworks */ = {
			isa = PBXFrameworksBuildPhase;
			buildActionMask = 2147483647;
			files = (
			);
			runOnlyForDeploymentPostprocessing = 0;
		};
/* End PBXFrameworksBuildPhase section */

/* Begin PBXGroup section */
		BA04ADC31AD48D8000471228 = {
			isa = PBXGroup;
			children = (
				BA04ADCE1AD48D8000471228 /* TodoApp */,
				BA04ADE41AD48D8000471228 /* TodoAppTests */,
				BA04ADCD1AD48D8000471228 /* Products */,
			);
			sourceTree = "<group>";
		};
		BA04ADCD1AD48D8000471228 /* Products */ = {
			isa = PBXGroup;
			children = (
				BA04ADCC1AD48D8000471228 /* TodoApp.app */,
				BA04ADE11AD48D8000471228 /* TodoAppTests.xctest */,
			);
			name = Products;
			sourceTree = "<group>";
		};
		BA04ADCE1AD48D8000471228 /* TodoApp */ = {
			isa = PBXGroup;
			children = (
				BA04ADD11AD48D8000471228 /* AppDelegate.swift */,
				BA04ADD81AD48D8000471228 /* Images.xcassets */,
				BA04ADCF1AD48D8000471228 /* Supporting Files */,
				BA38E1D31AD8A98E00A58F79 /* TodoTableViewController.swift */,
				BA28B6B21B02B6DA000525A2 /* TodoDataManager.swift */,
				C003EC321B17E65000D47416 /* TodoTableViewCell.swift */,
			);
			path = TodoApp;
			sourceTree = "<group>";
		};
		BA04ADCF1AD48D8000471228 /* Supporting Files */ = {
			isa = PBXGroup;
			children = (
				BA04ADD01AD48D8000471228 /* Info.plist */,
			);
			name = "Supporting Files";
			sourceTree = "<group>";
		};
		BA04ADE41AD48D8000471228 /* TodoAppTests */ = {
			isa = PBXGroup;
			children = (
				BA04ADE71AD48D8000471228 /* TodoAppTests.swift */,
				BA04ADE51AD48D8000471228 /* Supporting Files */,
			);
			path = TodoAppTests;
			sourceTree = "<group>";
		};
		BA04ADE51AD48D8000471228 /* Supporting Files */ = {
			isa = PBXGroup;
			children = (
				BA04ADE61AD48D8000471228 /* Info.plist */,
			);
			name = "Supporting Files";
			sourceTree = "<group>";
		};
/* End PBXGroup section */

/* Begin PBXNativeTarget section */
		BA04ADCB1AD48D8000471228 /* TodoApp */ = {
			isa = PBXNativeTarget;
			buildConfigurationList = BA04ADEB1AD48D8000471228 /* Build configuration list for PBXNativeTarget "TodoApp" */;
			buildPhases = (
				BA04ADC81AD48D8000471228 /* Sources */,
				BA04ADC91AD48D8000471228 /* Frameworks */,
				BA04ADCA1AD48D8000471228 /* Resources */,
			);
			buildRules = (
			);
			dependencies = (
			);
			name = TodoApp;
			productName = TodoApp;
			productReference = BA04ADCC1AD48D8000471228 /* TodoApp.app */;
			productType = "com.apple.product-type.application";
		};
		BA04ADE01AD48D8000471228 /* TodoAppTests */ = {
			isa = PBXNativeTarget;
			buildConfigurationList = BA04ADEE1AD48D8000471228 /* Build configuration list for PBXNativeTarget "TodoAppTests" */;
			buildPhases = (
				BA04ADDD1AD48D8000471228 /* Sources */,
				BA04ADDE1AD48D8000471228 /* Frameworks */,
				BA04ADDF1AD48D8000471228 /* Resources */,
			);
			buildRules = (
			);
			dependencies = (
				BA04ADE31AD48D8000471228 /* PBXTargetDependency */,
			);
			name = TodoAppTests;
			productName = TodoAppTests;
			productReference = BA04ADE11AD48D8000471228 /* TodoAppTests.xctest */;
			productType = "com.apple.product-type.bundle.unit-test";
		};
/* End PBXNativeTarget section */

/* Begin PBXProject section */
		BA04ADC41AD48D8000471228 /* Project object */ = {
			isa = PBXProject;
			attributes = {
				LastUpgradeCheck = 0620;
				ORGANIZATIONNAME = "Kotaro Hirayama";
				TargetAttributes = {
					BA04ADCB1AD48D8000471228 = {
						CreatedOnToolsVersion = 6.2;
					};
					BA04ADE01AD48D8000471228 = {
						CreatedOnToolsVersion = 6.2;
						TestTargetID = BA04ADCB1AD48D8000471228;
					};
				};
			};
			buildConfigurationList = BA04ADC71AD48D8000471228 /* Build configuration list for PBXProject "TodoApp" */;
			compatibilityVersion = "Xcode 3.2";
			developmentRegion = English;
			hasScannedForEncodings = 0;
			knownRegions = (
				en,
				Base,
			);
			mainGroup = BA04ADC31AD48D8000471228;
			productRefGroup = BA04ADCD1AD48D8000471228 /* Products */;
			projectDirPath = "";
			projectRoot = "";
			targets = (
				BA04ADCB1AD48D8000471228 /* TodoApp */,
				BA04ADE01AD48D8000471228 /* TodoAppTests */,
			);
		};
/* End PBXProject section */

/* Begin PBXResourcesBuildPhase section */
		BA04ADCA1AD48D8000471228 /* Resources */ = {
			isa = PBXResourcesBuildPhase;
			buildActionMask = 2147483647;
			files = (
				BA04ADD91AD48D8000471228 /* Images.xcassets in Resources */,
			);
			runOnlyForDeploymentPostprocessing = 0;
		};
		BA04ADDF1AD48D8000471228 /* Resources */ = {
			isa = PBXResourcesBuildPhase;
			buildActionMask = 2147483647;
			files = (
			);
			runOnlyForDeploymentPostprocessing = 0;
		};
/* End PBXResourcesBuildPhase section */

/* Begin PBXSourcesBuildPhase section */
		BA04ADC81AD48D8000471228 /* Sources */ = {
			isa = PBXSourcesBuildPhase;
			buildActionMask = 2147483647;
			files = (
				BA38E1D41AD8A98E00A58F79 /* TodoTableViewController.swift in Sources */,
				BA04ADD21AD48D8000471228 /* AppDelegate.swift in Sources */,
				BA28B6B31B02B6DA000525A2 /* TodoDataManager.swift in Sources */,
				C003EC331B17E65000D47416 /* TodoTableViewCell.swift in Sources */,
			);
			runOnlyForDeploymentPostprocessing = 0;
		};
		BA04ADDD1AD48D8000471228 /* Sources */ = {
			isa = PBXSourcesBuildPhase;
			buildActionMask = 2147483647;
			files = (
				BA04ADE81AD48D8000471228 /* TodoAppTests.swift in Sources */,
			);
			runOnlyForDeploymentPostprocessing = 0;
		};
/* End PBXSourcesBuildPhase section */

/* Begin PBXTargetDependency section */
		BA04ADE31AD48D8000471228 /* PBXTargetDependency */ = {
			isa = PBXTargetDependency;
			target = BA04ADCB1AD48D8000471228 /* TodoApp */;
			targetProxy = BA04ADE21AD48D8000471228 /* PBXContainerItemProxy */;
		};
/* End PBXTargetDependency section */

/* Begin XCBuildConfiguration section */
		BA04ADE91AD48D8000471228 /* Debug */ = {
			isa = XCBuildConfiguration;
			buildSettings = {
				ALWAYS_SEARCH_USER_PATHS = NO;
				CLANG_CXX_LANGUAGE_STANDARD = "gnu++0x";
				CLANG_CXX_LIBRARY = "libc++";
				CLANG_ENABLE_MODULES = YES;
				CLANG_ENABLE_OBJC_ARC = YES;
				CLANG_WARN_BOOL_CONVERSION = YES;
				CLANG_WARN_CONSTANT_CONVERSION = YES;
				CLANG_WARN_DIRECT_OBJC_ISA_USAGE = YES_ERROR;
				CLANG_WARN_EMPTY_BODY = YES;
				CLANG_WARN_ENUM_CONVERSION = YES;
				CLANG_WARN_INT_CONVERSION = YES;
				CLANG_WARN_OBJC_ROOT_CLASS = YES_ERROR;
				CLANG_WARN_UNREACHABLE_CODE = YES;
				CLANG_WARN__DUPLICATE_METHOD_MATCH = YES;
				"CODE_SIGN_IDENTITY[sdk=iphoneos*]" = "iPhone Developer";
				COPY_PHASE_STRIP = NO;
				ENABLE_STRICT_OBJC_MSGSEND = YES;
				GCC_C_LANGUAGE_STANDARD = gnu99;
				GCC_DYNAMIC_NO_PIC = NO;
				GCC_OPTIMIZATION_LEVEL = 0;
				GCC_PREPROCESSOR_DEFINITIONS = (
					"DEBUG=1",
					"$(inherited)",
				);
				GCC_SYMBOLS_PRIVATE_EXTERN = NO;
				GCC_WARN_64_TO_32_BIT_CONVERSION = YES;
				GCC_WARN_ABOUT_RETURN_TYPE = YES_ERROR;
				GCC_WARN_UNDECLARED_SELECTOR = YES;
				GCC_WARN_UNINITIALIZED_AUTOS = YES_AGGRESSIVE;
				GCC_WARN_UNUSED_FUNCTION = YES;
				GCC_WARN_UNUSED_VARIABLE = YES;
				IPHONEOS_DEPLOYMENT_TARGET = 8.2;
				MTL_ENABLE_DEBUG_INFO = YES;
				ONLY_ACTIVE_ARCH = YES;
				SDKROOT = iphoneos;
				SWIFT_OPTIMIZATION_LEVEL = "-Onone";
			};
			name = Debug;
		};
		BA04ADEA1AD48D8000471228 /* Release */ = {
			isa = XCBuildConfiguration;
			buildSettings = {
				ALWAYS_SEARCH_USER_PATHS = NO;
				CLANG_CXX_LANGUAGE_STANDARD = "gnu++0x";
				CLANG_CXX_LIBRARY = "libc++";
				CLANG_ENABLE_MODULES = YES;
				CLANG_ENABLE_OBJC_ARC = YES;
				CLANG_WARN_BOOL_CONVERSION = YES;
				CLANG_WARN_CONSTANT_CONVERSION = YES;
				CLANG_WARN_DIRECT_OBJC_ISA_USAGE = YES_ERROR;
				CLANG_WARN_EMPTY_BODY = YES;
				CLANG_WARN_ENUM_CONVERSION = YES;
				CLANG_WARN_INT_CONVERSION = YES;
				CLANG_WARN_OBJC_ROOT_CLASS = YES_ERROR;
				CLANG_WARN_UNREACHABLE_CODE = YES;
				CLANG_WARN__DUPLICATE_METHOD_MATCH = YES;
				"CODE_SIGN_IDENTITY[sdk=iphoneos*]" = "iPhone Developer";
				COPY_PHASE_STRIP = NO;
				ENABLE_NS_ASSERTIONS = NO;
				ENABLE_STRICT_OBJC_MSGSEND = YES;
				GCC_C_LANGUAGE_STANDARD = gnu99;
				GCC_WARN_64_TO_32_BIT_CONVERSION = YES;
				GCC_WARN_ABOUT_RETURN_TYPE = YES_ERROR;
				GCC_WARN_UNDECLARED_SELECTOR = YES;
				GCC_WARN_UNINITIALIZED_AUTOS = YES_AGGRESSIVE;
				GCC_WARN_UNUSED_FUNCTION = YES;
				GCC_WARN_UNUSED_VARIABLE = YES;
				IPHONEOS_DEPLOYMENT_TARGET = 8.2;
				MTL_ENABLE_DEBUG_INFO = NO;
				SDKROOT = iphoneos;
				VALIDATE_PRODUCT = YES;
			};
			name = Release;
		};
		BA04ADEC1AD48D8000471228 /* Debug */ = {
			isa = XCBuildConfiguration;
			buildSettings = {
				ASSETCATALOG_COMPILER_APPICON_NAME = AppIcon;
				INFOPLIST_FILE = TodoApp/Info.plist;
				LD_RUNPATH_SEARCH_PATHS = "$(inherited) @executable_path/Frameworks";
				PRODUCT_NAME = "$(TARGET_NAME)";
			};
			name = Debug;
		};
		BA04ADED1AD48D8000471228 /* Release */ = {
			isa = XCBuildConfiguration;
			buildSettings = {
				ASSETCATALOG_COMPILER_APPICON_NAME = AppIcon;
				INFOPLIST_FILE = TodoApp/Info.plist;
				LD_RUNPATH_SEARCH_PATHS = "$(inherited) @executable_path/Frameworks";
				PRODUCT_NAME = "$(TARGET_NAME)";
			};
			name = Release;
		};
		BA04ADEF1AD48D8000471228 /* Debug */ = {
			isa = XCBuildConfiguration;
			buildSettings = {
				BUNDLE_LOADER = "$(TEST_HOST)";
				FRAMEWORK_SEARCH_PATHS = (
					"$(SDKROOT)/Developer/Library/Frameworks",
					"$(inherited)",
				);
				GCC_PREPROCESSOR_DEFINITIONS = (
					"DEBUG=1",
					"$(inherited)",
				);
				INFOPLIST_FILE = TodoAppTests/Info.plist;
				LD_RUNPATH_SEARCH_PATHS = "$(inherited) @executable_path/Frameworks @loader_path/Frameworks";
				PRODUCT_NAME = "$(TARGET_NAME)";
				TEST_HOST = "$(BUILT_PRODUCTS_DIR)/TodoApp.app/TodoApp";
			};
			name = Debug;
		};
		BA04ADF01AD48D8000471228 /* Release */ = {
			isa = XCBuildConfiguration;
			buildSettings = {
				BUNDLE_LOADER = "$(TEST_HOST)";
				FRAMEWORK_SEARCH_PATHS = (
					"$(SDKROOT)/Developer/Library/Frameworks",
					"$(inherited)",
				);
				INFOPLIST_FILE = TodoAppTests/Info.plist;
				LD_RUNPATH_SEARCH_PATHS = "$(inherited) @executable_path/Frameworks @loader_path/Frameworks";
				PRODUCT_NAME = "$(TARGET_NAME)";
				TEST_HOST = "$(BUILT_PRODUCTS_DIR)/TodoApp.app/TodoApp";
			};
			name = Release;
		};
/* End XCBuildConfiguration section */

/* Begin XCConfigurationList section */
		BA04ADC71AD48D8000471228 /* Build configuration list for PBXProject "TodoApp" */ = {
			isa = XCConfigurationList;
			buildConfigurations = (
				BA04ADE91AD48D8000471228 /* Debug */,
				BA04ADEA1AD48D8000471228 /* Release */,
			);
			defaultConfigurationIsVisible = 0;
			defaultConfigurationName = Release;
		};
		BA04ADEB1AD48D8000471228 /* Build configuration list for PBXNativeTarget "TodoApp" */ = {
			isa = XCConfigurationList;
			buildConfigurations = (
				BA04ADEC1AD48D8000471228 /* Debug */,
				BA04ADED1AD48D8000471228 /* Release */,
			);
			defaultConfigurationIsVisible = 0;
			defaultConfigurationName = Release;
		};
		BA04ADEE1AD48D8000471228 /* Build configuration list for PBXNativeTarget "TodoAppTests" */ = {
			isa = XCConfigurationList;
			buildConfigurations = (
				BA04ADEF1AD48D8000471228 /* Debug */,
				BA04ADF01AD48D8000471228 /* Release */,
			);
			defaultConfigurationIsVisible = 0;
			defaultConfigurationName = Release;
		};
/* End XCConfigurationList section */
	};
	rootObject = BA04ADC41AD48D8000471228 /* Project object */;
}
