// !$*UTF8*$!
{
	archiveVersion = 1;
	classes = {
	};
	objectVersion = 46;
	objects = {

/* Begin PBXBuildFile section */
		BAD41DAC1ACB49EB00F23B4D /* AppDelegate.swift in Sources */ = {isa = PBXBuildFile; fileRef = BAD41DAB1ACB49EB00F23B4D /* AppDelegate.swift */; };
		BAD41DAE1ACB49EB00F23B4D /* ViewController.swift in Sources */ = {isa = PBXBuildFile; fileRef = BAD41DAD1ACB49EB00F23B4D /* ViewController.swift */; };
		BAD41DB11ACB49EB00F23B4D /* Main.storyboard in Resources */ = {isa = PBXBuildFile; fileRef = BAD41DAF1ACB49EB00F23B4D /* Main.storyboard */; };
		BAD41DB31ACB49EB00F23B4D /* Images.xcassets in Resources */ = {isa = PBXBuildFile; fileRef = BAD41DB21ACB49EB00F23B4D /* Images.xcassets */; };
		BAD41DB61ACB49EB00F23B4D /* LaunchScreen.xib in Resources */ = {isa = PBXBuildFile; fileRef = BAD41DB41ACB49EB00F23B4D /* LaunchScreen.xib */; };
		BAD41DC21ACB49EB00F23B4D /* MyFirstAppTests.swift in Sources */ = {isa = PBXBuildFile; fileRef = BAD41DC11ACB49EB00F23B4D /* MyFirstAppTests.swift */; };
/* End PBXBuildFile section */

/* Begin PBXContainerItemProxy section */
		BAD41DBC1ACB49EB00F23B4D /* PBXContainerItemProxy */ = {
			isa = PBXContainerItemProxy;
			containerPortal = BAD41D9E1ACB49EB00F23B4D /* Project object */;
			proxyType = 1;
			remoteGlobalIDString = BAD41DA51ACB49EB00F23B4D;
			remoteInfo = MyFirstApp;
		};
/* End PBXContainerItemProxy section */

/* Begin PBXFileReference section */
		BAD41DA61ACB49EB00F23B4D /* MyFirstApp.app */ = {isa = PBXFileReference; explicitFileType = wrapper.application; includeInIndex = 0; path = MyFirstApp.app; sourceTree = BUILT_PRODUCTS_DIR; };
		BAD41DAA1ACB49EB00F23B4D /* Info.plist */ = {isa = PBXFileReference; lastKnownFileType = text.plist.xml; path = Info.plist; sourceTree = "<group>"; };
		BAD41DAB1ACB49EB00F23B4D /* AppDelegate.swift */ = {isa = PBXFileReference; lastKnownFileType = sourcecode.swift; path = AppDelegate.swift; sourceTree = "<group>"; };
		BAD41DAD1ACB49EB00F23B4D /* ViewController.swift */ = {isa = PBXFileReference; lastKnownFileType = sourcecode.swift; path = ViewController.swift; sourceTree = "<group>"; };
		BAD41DB01ACB49EB00F23B4D /* Base */ = {isa = PBXFileReference; lastKnownFileType = file.storyboard; name = Base; path = Base.lproj/Main.storyboard; sourceTree = "<group>"; };
		BAD41DB21ACB49EB00F23B4D /* Images.xcassets */ = {isa = PBXFileReference; lastKnownFileType = folder.assetcatalog; path = Images.xcassets; sourceTree = "<group>"; };
		BAD41DB51ACB49EB00F23B4D /* Base */ = {isa = PBXFileReference; lastKnownFileType = file.xib; name = Base; path = Base.lproj/LaunchScreen.xib; sourceTree = "<group>"; };
		BAD41DBB1ACB49EB00F23B4D /* MyFirstAppTests.xctest */ = {isa = PBXFileReference; explicitFileType = wrapper.cfbundle; includeInIndex = 0; path = MyFirstAppTests.xctest; sourceTree = BUILT_PRODUCTS_DIR; };
		BAD41DC01ACB49EB00F23B4D /* Info.plist */ = {isa = PBXFileReference; lastKnownFileType = text.plist.xml; path = Info.plist; sourceTree = "<group>"; };
		BAD41DC11ACB49EB00F23B4D /* MyFirstAppTests.swift */ = {isa = PBXFileReference; lastKnownFileType = sourcecode.swift; path = MyFirstAppTests.swift; sourceTree = "<group>"; };
/* End PBXFileReference section */

/* Begin PBXFrameworksBuildPhase section */
		BAD41DA31ACB49EB00F23B4D /* Frameworks */ = {
			isa = PBXFrameworksBuildPhase;
			buildActionMask = 2147483647;
			files = (
			);
			runOnlyForDeploymentPostprocessing = 0;
		};
		BAD41DB81ACB49EB00F23B4D /* Frameworks */ = {
			isa = PBXFrameworksBuildPhase;
			buildActionMask = 2147483647;
			files = (
			);
			runOnlyForDeploymentPostprocessing = 0;
		};
/* End PBXFrameworksBuildPhase section */

/* Begin PBXGroup section */
		BAD41D9D1ACB49EB00F23B4D = {
			isa = PBXGroup;
			children = (
				BAD41DA81ACB49EB00F23B4D /* MyFirstApp */,
				BAD41DBE1ACB49EB00F23B4D /* MyFirstAppTests */,
				BAD41DA71ACB49EB00F23B4D /* Products */,
			);
			sourceTree = "<group>";
		};
		BAD41DA71ACB49EB00F23B4D /* Products */ = {
			isa = PBXGroup;
			children = (
				BAD41DA61ACB49EB00F23B4D /* MyFirstApp.app */,
				BAD41DBB1ACB49EB00F23B4D /* MyFirstAppTests.xctest */,
			);
			name = Products;
			sourceTree = "<group>";
		};
		BAD41DA81ACB49EB00F23B4D /* MyFirstApp */ = {
			isa = PBXGroup;
			children = (
				BAD41DAB1ACB49EB00F23B4D /* AppDelegate.swift */,
				BAD41DAD1ACB49EB00F23B4D /* ViewController.swift */,
				BAD41DAF1ACB49EB00F23B4D /* Main.storyboard */,
				BAD41DB21ACB49EB00F23B4D /* Images.xcassets */,
				BAD41DB41ACB49EB00F23B4D /* LaunchScreen.xib */,
				BAD41DA91ACB49EB00F23B4D /* Supporting Files */,
			);
			path = MyFirstApp;
			sourceTree = "<group>";
		};
		BAD41DA91ACB49EB00F23B4D /* Supporting Files */ = {
			isa = PBXGroup;
			children = (
				BAD41DAA1ACB49EB00F23B4D /* Info.plist */,
			);
			name = "Supporting Files";
			sourceTree = "<group>";
		};
		BAD41DBE1ACB49EB00F23B4D /* MyFirstAppTests */ = {
			isa = PBXGroup;
			children = (
				BAD41DC11ACB49EB00F23B4D /* MyFirstAppTests.swift */,
				BAD41DBF1ACB49EB00F23B4D /* Supporting Files */,
			);
			path = MyFirstAppTests;
			sourceTree = "<group>";
		};
		BAD41DBF1ACB49EB00F23B4D /* Supporting Files */ = {
			isa = PBXGroup;
			children = (
				BAD41DC01ACB49EB00F23B4D /* Info.plist */,
			);
			name = "Supporting Files";
			sourceTree = "<group>";
		};
/* End PBXGroup section */

/* Begin PBXNativeTarget section */
		BAD41DA51ACB49EB00F23B4D /* MyFirstApp */ = {
			isa = PBXNativeTarget;
			buildConfigurationList = BAD41DC51ACB49EB00F23B4D /* Build configuration list for PBXNativeTarget "MyFirstApp" */;
			buildPhases = (
				BAD41DA21ACB49EB00F23B4D /* Sources */,
				BAD41DA31ACB49EB00F23B4D /* Frameworks */,
				BAD41DA41ACB49EB00F23B4D /* Resources */,
			);
			buildRules = (
			);
			dependencies = (
			);
			name = MyFirstApp;
			productName = MyFirstApp;
			productReference = BAD41DA61ACB49EB00F23B4D /* MyFirstApp.app */;
			productType = "com.apple.product-type.application";
		};
		BAD41DBA1ACB49EB00F23B4D /* MyFirstAppTests */ = {
			isa = PBXNativeTarget;
			buildConfigurationList = BAD41DC81ACB49EB00F23B4D /* Build configuration list for PBXNativeTarget "MyFirstAppTests" */;
			buildPhases = (
				BAD41DB71ACB49EB00F23B4D /* Sources */,
				BAD41DB81ACB49EB00F23B4D /* Frameworks */,
				BAD41DB91ACB49EB00F23B4D /* Resources */,
			);
			buildRules = (
			);
			dependencies = (
				BAD41DBD1ACB49EB00F23B4D /* PBXTargetDependency */,
			);
			name = MyFirstAppTests;
			productName = MyFirstAppTests;
			productReference = BAD41DBB1ACB49EB00F23B4D /* MyFirstAppTests.xctest */;
			productType = "com.apple.product-type.bundle.unit-test";
		};
/* End PBXNativeTarget section */

/* Begin PBXProject section */
		BAD41D9E1ACB49EB00F23B4D /* Project object */ = {
			isa = PBXProject;
			attributes = {
				LastUpgradeCheck = 0620;
				ORGANIZATIONNAME = "Kotaro Hirayama";
				TargetAttributes = {
					BAD41DA51ACB49EB00F23B4D = {
						CreatedOnToolsVersion = 6.2;
					};
					BAD41DBA1ACB49EB00F23B4D = {
						CreatedOnToolsVersion = 6.2;
						TestTargetID = BAD41DA51ACB49EB00F23B4D;
					};
				};
			};
			buildConfigurationList = BAD41DA11ACB49EB00F23B4D /* Build configuration list for PBXProject "MyFirstApp" */;
			compatibilityVersion = "Xcode 3.2";
			developmentRegion = English;
			hasScannedForEncodings = 0;
			knownRegions = (
				en,
				Base,
			);
			mainGroup = BAD41D9D1ACB49EB00F23B4D;
			productRefGroup = BAD41DA71ACB49EB00F23B4D /* Products */;
			projectDirPath = "";
			projectRoot = "";
			targets = (
				BAD41DA51ACB49EB00F23B4D /* MyFirstApp */,
				BAD41DBA1ACB49EB00F23B4D /* MyFirstAppTests */,
			);
		};
/* End PBXProject section */

/* Begin PBXResourcesBuildPhase section */
		BAD41DA41ACB49EB00F23B4D /* Resources */ = {
			isa = PBXResourcesBuildPhase;
			buildActionMask = 2147483647;
			files = (
				BAD41DB11ACB49EB00F23B4D /* Main.storyboard in Resources */,
				BAD41DB61ACB49EB00F23B4D /* LaunchScreen.xib in Resources */,
				BAD41DB31ACB49EB00F23B4D /* Images.xcassets in Resources */,
			);
			runOnlyForDeploymentPostprocessing = 0;
		};
		BAD41DB91ACB49EB00F23B4D /* Resources */ = {
			isa = PBXResourcesBuildPhase;
			buildActionMask = 2147483647;
			files = (
			);
			runOnlyForDeploymentPostprocessing = 0;
		};
/* End PBXResourcesBuildPhase section */

/* Begin PBXSourcesBuildPhase section */
		BAD41DA21ACB49EB00F23B4D /* Sources */ = {
			isa = PBXSourcesBuildPhase;
			buildActionMask = 2147483647;
			files = (
				BAD41DAE1ACB49EB00F23B4D /* ViewController.swift in Sources */,
				BAD41DAC1ACB49EB00F23B4D /* AppDelegate.swift in Sources */,
			);
			runOnlyForDeploymentPostprocessing = 0;
		};
		BAD41DB71ACB49EB00F23B4D /* Sources */ = {
			isa = PBXSourcesBuildPhase;
			buildActionMask = 2147483647;
			files = (
				BAD41DC21ACB49EB00F23B4D /* MyFirstAppTests.swift in Sources */,
			);
			runOnlyForDeploymentPostprocessing = 0;
		};
/* End PBXSourcesBuildPhase section */

/* Begin PBXTargetDependency section */
		BAD41DBD1ACB49EB00F23B4D /* PBXTargetDependency */ = {
			isa = PBXTargetDependency;
			target = BAD41DA51ACB49EB00F23B4D /* MyFirstApp */;
			targetProxy = BAD41DBC1ACB49EB00F23B4D /* PBXContainerItemProxy */;
		};
/* End PBXTargetDependency section */

/* Begin PBXVariantGroup section */
		BAD41DAF1ACB49EB00F23B4D /* Main.storyboard */ = {
			isa = PBXVariantGroup;
			children = (
				BAD41DB01ACB49EB00F23B4D /* Base */,
			);
			name = Main.storyboard;
			sourceTree = "<group>";
		};
		BAD41DB41ACB49EB00F23B4D /* LaunchScreen.xib */ = {
			isa = PBXVariantGroup;
			children = (
				BAD41DB51ACB49EB00F23B4D /* Base */,
			);
			name = LaunchScreen.xib;
			sourceTree = "<group>";
		};
/* End PBXVariantGroup section */

/* Begin XCBuildConfiguration section */
		BAD41DC31ACB49EB00F23B4D /* Debug */ = {
			isa = XCBuildConfiguration;
			buildSettings = {
				ALWAYS_SEARCH_USER_PATHS = NO;
				CLANG_CXX_LANGUAGE_STANDARD = "gnu++0x";
				CLANG_CXX_LIBRARY = "libc++";
				CLANG_ENABLE_MODULES = YES;
				CLANG_ENABLE_OBJC_ARC = YES;
				CLANG_WARN_BOOL_CONVERSION = YES;
				CLANG_WARN_CONSTANT_CONVERSION = YES;
				CLANG_WARN_DIRECT_OBJC_ISA_USAGE = YES_ERROR;
				CLANG_WARN_EMPTY_BODY = YES;
				CLANG_WARN_ENUM_CONVERSION = YES;
				CLANG_WARN_INT_CONVERSION = YES;
				CLANG_WARN_OBJC_ROOT_CLASS = YES_ERROR;
				CLANG_WARN_UNREACHABLE_CODE = YES;
				CLANG_WARN__DUPLICATE_METHOD_MATCH = YES;
				"CODE_SIGN_IDENTITY[sdk=iphoneos*]" = "iPhone Developer";
				COPY_PHASE_STRIP = NO;
				ENABLE_STRICT_OBJC_MSGSEND = YES;
				GCC_C_LANGUAGE_STANDARD = gnu99;
				GCC_DYNAMIC_NO_PIC = NO;
				GCC_OPTIMIZATION_LEVEL = 0;
				GCC_PREPROCESSOR_DEFINITIONS = (
					"DEBUG=1",
					"$(inherited)",
				);
				GCC_SYMBOLS_PRIVATE_EXTERN = NO;
				GCC_WARN_64_TO_32_BIT_CONVERSION = YES;
				GCC_WARN_ABOUT_RETURN_TYPE = YES_ERROR;
				GCC_WARN_UNDECLARED_SELECTOR = YES;
				GCC_WARN_UNINITIALIZED_AUTOS = YES_AGGRESSIVE;
				GCC_WARN_UNUSED_FUNCTION = YES;
				GCC_WARN_UNUSED_VARIABLE = YES;
				IPHONEOS_DEPLOYMENT_TARGET = 8.2;
				MTL_ENABLE_DEBUG_INFO = YES;
				ONLY_ACTIVE_ARCH = YES;
				SDKROOT = iphoneos;
				SWIFT_OPTIMIZATION_LEVEL = "-Onone";
			};
			name = Debug;
		};
		BAD41DC41ACB49EB00F23B4D /* Release */ = {
			isa = XCBuildConfiguration;
			buildSettings = {
				ALWAYS_SEARCH_USER_PATHS = NO;
				CLANG_CXX_LANGUAGE_STANDARD = "gnu++0x";
				CLANG_CXX_LIBRARY = "libc++";
				CLANG_ENABLE_MODULES = YES;
				CLANG_ENABLE_OBJC_ARC = YES;
				CLANG_WARN_BOOL_CONVERSION = YES;
				CLANG_WARN_CONSTANT_CONVERSION = YES;
				CLANG_WARN_DIRECT_OBJC_ISA_USAGE = YES_ERROR;
				CLANG_WARN_EMPTY_BODY = YES;
				CLANG_WARN_ENUM_CONVERSION = YES;
				CLANG_WARN_INT_CONVERSION = YES;
				CLANG_WARN_OBJC_ROOT_CLASS = YES_ERROR;
				CLANG_WARN_UNREACHABLE_CODE = YES;
				CLANG_WARN__DUPLICATE_METHOD_MATCH = YES;
				"CODE_SIGN_IDENTITY[sdk=iphoneos*]" = "iPhone Developer";
				COPY_PHASE_STRIP = NO;
				ENABLE_NS_ASSERTIONS = NO;
				ENABLE_STRICT_OBJC_MSGSEND = YES;
				GCC_C_LANGUAGE_STANDARD = gnu99;
				GCC_WARN_64_TO_32_BIT_CONVERSION = YES;
				GCC_WARN_ABOUT_RETURN_TYPE = YES_ERROR;
				GCC_WARN_UNDECLARED_SELECTOR = YES;
				GCC_WARN_UNINITIALIZED_AUTOS = YES_AGGRESSIVE;
				GCC_WARN_UNUSED_FUNCTION = YES;
				GCC_WARN_UNUSED_VARIABLE = YES;
				IPHONEOS_DEPLOYMENT_TARGET = 8.2;
				MTL_ENABLE_DEBUG_INFO = NO;
				SDKROOT = iphoneos;
				VALIDATE_PRODUCT = YES;
			};
			name = Release;
		};
		BAD41DC61ACB49EB00F23B4D /* Debug */ = {
			isa = XCBuildConfiguration;
			buildSettings = {
				ASSETCATALOG_COMPILER_APPICON_NAME = AppIcon;
				INFOPLIST_FILE = MyFirstApp/Info.plist;
				LD_RUNPATH_SEARCH_PATHS = "$(inherited) @executable_path/Frameworks";
				PRODUCT_NAME = "$(TARGET_NAME)";
			};
			name = Debug;
		};
		BAD41DC71ACB49EB00F23B4D /* Release */ = {
			isa = XCBuildConfiguration;
			buildSettings = {
				ASSETCATALOG_COMPILER_APPICON_NAME = AppIcon;
				INFOPLIST_FILE = MyFirstApp/Info.plist;
				LD_RUNPATH_SEARCH_PATHS = "$(inherited) @executable_path/Frameworks";
				PRODUCT_NAME = "$(TARGET_NAME)";
			};
			name = Release;
		};
		BAD41DC91ACB49EB00F23B4D /* Debug */ = {
			isa = XCBuildConfiguration;
			buildSettings = {
				BUNDLE_LOADER = "$(TEST_HOST)";
				FRAMEWORK_SEARCH_PATHS = (
					"$(SDKROOT)/Developer/Library/Frameworks",
					"$(inherited)",
				);
				GCC_PREPROCESSOR_DEFINITIONS = (
					"DEBUG=1",
					"$(inherited)",
				);
				INFOPLIST_FILE = MyFirstAppTests/Info.plist;
				LD_RUNPATH_SEARCH_PATHS = "$(inherited) @executable_path/Frameworks @loader_path/Frameworks";
				PRODUCT_NAME = "$(TARGET_NAME)";
				TEST_HOST = "$(BUILT_PRODUCTS_DIR)/MyFirstApp.app/MyFirstApp";
			};
			name = Debug;
		};
		BAD41DCA1ACB49EB00F23B4D /* Release */ = {
			isa = XCBuildConfiguration;
			buildSettings = {
				BUNDLE_LOADER = "$(TEST_HOST)";
				FRAMEWORK_SEARCH_PATHS = (
					"$(SDKROOT)/Developer/Library/Frameworks",
					"$(inherited)",
				);
				INFOPLIST_FILE = MyFirstAppTests/Info.plist;
				LD_RUNPATH_SEARCH_PATHS = "$(inherited) @executable_path/Frameworks @loader_path/Frameworks";
				PRODUCT_NAME = "$(TARGET_NAME)";
				TEST_HOST = "$(BUILT_PRODUCTS_DIR)/MyFirstApp.app/MyFirstApp";
			};
			name = Release;
		};
/* End XCBuildConfiguration section */

/* Begin XCConfigurationList section */
		BAD41DA11ACB49EB00F23B4D /* Build configuration list for PBXProject "MyFirstApp" */ = {
			isa = XCConfigurationList;
			buildConfigurations = (
				BAD41DC31ACB49EB00F23B4D /* Debug */,
				BAD41DC41ACB49EB00F23B4D /* Release */,
			);
			defaultConfigurationIsVisible = 0;
			defaultConfigurationName = Release;
		};
		BAD41DC51ACB49EB00F23B4D /* Build configuration list for PBXNativeTarget "MyFirstApp" */ = {
			isa = XCConfigurationList;
			buildConfigurations = (
				BAD41DC61ACB49EB00F23B4D /* Debug */,
				BAD41DC71ACB49EB00F23B4D /* Release */,
			);
			defaultConfigurationIsVisible = 0;
		};
		BAD41DC81ACB49EB00F23B4D /* Build configuration list for PBXNativeTarget "MyFirstAppTests" */ = {
			isa = XCConfigurationList;
			buildConfigurations = (
				BAD41DC91ACB49EB00F23B4D /* Debug */,
				BAD41DCA1ACB49EB00F23B4D /* Release */,
			);
			defaultConfigurationIsVisible = 0;
		};
/* End XCConfigurationList section */
	};
	rootObject = BAD41D9E1ACB49EB00F23B4D /* Project object */;
}
